
Microsoft Visual Studio Solution File, Format Version 12.00
# Visual Studio Version 16
VisualStudioVersion = 16.0.30114.105
MinimumVisualStudioVersion = 10.0.40219.1
Project("{2150E333-8FDC-42A3-9474-1A3956D46DE8}") = "src", "src", "{B25C90C0-E282-48FF-B5D9-B350A81DC0B6}"
EndProject
Project("{FAE04EC0-301F-11D3-BF4B-00C04F79EFBC}") = "api", "src\api\api.csproj", "{F42CF812-CA67-4AC5-A2CA-8BDEA9112AC8}"
EndProject
Global
	GlobalSection(SolutionConfigurationPlatforms) = preSolution
		Debug|Any CPU = Debug|Any CPU
		Debug|x64 = Debug|x64
		Debug|x86 = Debug|x86
		Release|Any CPU = Release|Any CPU
		Release|x64 = Release|x64
		Release|x86 = Release|x86
	EndGlobalSection
	GlobalSection(SolutionProperties) = preSolution
		HideSolutionNode = FALSE
	EndGlobalSection
	GlobalSection(ProjectConfigurationPlatforms) = postSolution
		{F42CF812-CA67-4AC5-A2CA-8BDEA9112AC8}.Debug|Any CPU.ActiveCfg = Debug|Any CPU
		{F42CF812-CA67-4AC5-A2CA-8BDEA9112AC8}.Debug|Any CPU.Build.0 = Debug|Any CPU
		{F42CF812-CA67-4AC5-A2CA-8BDEA9112AC8}.Debug|x64.ActiveCfg = Debug|Any CPU
		{F42CF812-CA67-4AC5-A2CA-8BDEA9112AC8}.Debug|x64.Build.0 = Debug|Any CPU
		{F42CF812-CA67-4AC5-A2CA-8BDEA9112AC8}.Debug|x86.ActiveCfg = Debug|Any CPU
		{F42CF812-CA67-4AC5-A2CA-8BDEA9112AC8}.Debug|x86.Build.0 = Debug|Any CPU
		{F42CF812-CA67-4AC5-A2CA-8BDEA9112AC8}.Release|Any CPU.ActiveCfg = Release|Any CPU
		{F42CF812-CA67-4AC5-A2CA-8BDEA9112AC8}.Release|Any CPU.Build.0 = Release|Any CPU
		{F42CF812-CA67-4AC5-A2CA-8BDEA9112AC8}.Release|x64.ActiveCfg = Release|Any CPU
		{F42CF812-CA67-4AC5-A2CA-8BDEA9112AC8}.Release|x64.Build.0 = Release|Any CPU
		{F42CF812-CA67-4AC5-A2CA-8BDEA9112AC8}.Release|x86.ActiveCfg = Release|Any CPU
		{F42CF812-CA67-4AC5-A2CA-8BDEA9112AC8}.Release|x86.Build.0 = Release|Any CPU
	EndGlobalSection
	GlobalSection(NestedProjects) = preSolution
		{F42CF812-CA67-4AC5-A2CA-8BDEA9112AC8} = {B25C90C0-E282-48FF-B5D9-B350A81DC0B6}
	EndGlobalSection
EndGlobal
